
Microsoft Visual Studio Solution File, Format Version 12.00
# Visual Studio Version 17
VisualStudioVersion = 17.9.34714.143
MinimumVisualStudioVersion = 10.0.40219.1
Project("{2150E333-8FDC-42A3-9474-1A3956D46DE8}") = "WebApi", "WebApi", "{ED07F8D0-DDA8-47CE-9C34-AB22382B369D}"
EndProject
Project("{9A19103F-16F7-4668-BE54-9A1E7A4F7556}") = "Ts.WebApi", "Ts.WebApi\Ts.WebApi.csproj", "{981C0F2D-1C5B-49C4-A86A-A992A09A40E9}"
EndProject
Project("{2150E333-8FDC-42A3-9474-1A3956D46DE8}") = "WebApp", "WebApp", "{D467FD4D-3568-41EA-8270-00C09936268A}"
EndProject
Project("{9A19103F-16F7-4668-BE54-9A1E7A4F7556}") = "Ts.AdminApp", "Ts.AdminApp\Ts.AdminApp.csproj", "{968BA5A5-3945-49CE-A56A-8A8478CA3A85}"
EndProject
Project("{9A19103F-16F7-4668-BE54-9A1E7A4F7556}") = "Ts.PublicApp", "Ts.PublicApp\Ts.PublicApp.csproj", "{E27DAF8B-CF00-4B25-B66D-34D8FCA656CB}"
EndProject
Project("{2150E333-8FDC-42A3-9474-1A3956D46DE8}") = "Application", "Application", "{9E14DFC5-5841-456F-94C3-35C09FF35715}"
EndProject
Project("{9A19103F-16F7-4668-BE54-9A1E7A4F7556}") = "Ts.Application", "Ts.Application\Ts.Application.csproj", "{D319025C-C9FD-47DB-B124-817F1D8B8F13}"
EndProject
Project("{9A19103F-16F7-4668-BE54-9A1E7A4F7556}") = "Ts.Client", "Ts.Client\Ts.Client.csproj", "{51C1F744-2F63-4DF1-B16D-C5E8DAC6A31F}"
EndProject
Project("{9A19103F-16F7-4668-BE54-9A1E7A4F7556}") = "Ts.Common", "Ts.Common\Ts.Common.csproj", "{A7A8503D-6103-4223-B7F9-3A4E965A553B}"
EndProject
Project("{9A19103F-16F7-4668-BE54-9A1E7A4F7556}") = "Ts.Dto", "Ts.Dto\Ts.Dto.csproj", "{DE1246EE-2B45-4C79-AD21-25767DD2442C}"
EndProject
Project("{9A19103F-16F7-4668-BE54-9A1E7A4F7556}") = "Ts.Service", "Ts.Service\Ts.Service.csproj", "{E44C71D5-D6F2-4811-8BFB-505999C44BB1}"
EndProject
Project("{2150E333-8FDC-42A3-9474-1A3956D46DE8}") = "Domain", "Domain", "{6A5F5B5A-653A-44FD-A3B4-CE339120B9A3}"
EndProject
Project("{9A19103F-16F7-4668-BE54-9A1E7A4F7556}") = "Ts.Domain", "Ts.Domain\Ts.Domain.csproj", "{BC2F7DBA-D434-4392-9B35-3AE43C54F774}"
EndProject
Project("{2150E333-8FDC-42A3-9474-1A3956D46DE8}") = "Infra.Data", "Infra.Data", "{0232A12F-1E38-4B07-8BE9-0E1BB7AAFBFC}"
EndProject
Project("{9A19103F-16F7-4668-BE54-9A1E7A4F7556}") = "Ts.Infra.Data", "Ts.Infra.Data\Ts.Infra.Data.csproj", "{23F742EA-27A7-4340-A1B8-1517A2278A91}"
EndProject
Project("{2150E333-8FDC-42A3-9474-1A3956D46DE8}") = "Infra.Ioc", "Infra.Ioc", "{58E0A9FC-39B0-4312-B89C-45B0B1AD35AC}"
EndProject
Project("{9A19103F-16F7-4668-BE54-9A1E7A4F7556}") = "Ts.Infra.Ioc.AdminApp", "Ts.Infra.Ioc.AdminApp\Ts.Infra.Ioc.AdminApp.csproj", "{55FE658D-0542-4418-90A1-33ADB44EBB61}"
EndProject
Project("{9A19103F-16F7-4668-BE54-9A1E7A4F7556}") = "Ts.Infra.Ioc.WebApi", "Ts.Infra.Ioc.WebApi\Ts.Infra.Ioc.WebApi.csproj", "{21F765EB-59D7-4A5E-84E8-F184C0962653}"
EndProject
Project("{9A19103F-16F7-4668-BE54-9A1E7A4F7556}") = "Ts.Infra.Ioc.PublicApp", "Ts.Infra.Ioc.PublicApp\Ts.Infra.Ioc.PublicApp.csproj", "{699A7204-9FA5-4DFC-BD3B-985E60983F26}"
EndProject
Project("{9A19103F-16F7-4668-BE54-9A1E7A4F7556}") = "Ts.SrcApi", "Ts.SrcApi\Ts.SrcApi.csproj", "{AC784C64-E23B-462C-A097-E6AD025B2319}"
EndProject
Project("{9A19103F-16F7-4668-BE54-9A1E7A4F7556}") = "Ts.Infra.Ioc.SrcApi", "Ts.Infra.Ioc.SrcApi\Ts.Infra.Ioc.SrcApi.csproj", "{1B22FB3A-1734-48A9-8092-F9A838945D40}"
EndProject
Project("{9A19103F-16F7-4668-BE54-9A1E7A4F7556}") = "Ts.DotIn.Domain", "Ts.DotIn.Domain\Ts.DotIn.Domain.csproj", "{85533284-8E3F-4676-87E2-9867C0384456}"
EndProject
Project("{9A19103F-16F7-4668-BE54-9A1E7A4F7556}") = "Ts.DotCom.Domain", "Ts.DotCom.Domain\Ts.DotCom.Domain.csproj", "{79890F7A-6261-4A94-9FD4-605D7EE8EAAB}"
EndProject
Project("{9A19103F-16F7-4668-BE54-9A1E7A4F7556}") = "Ts.Infra.DotIn.Data", "Ts.Infra.DotIn.Data\Ts.Infra.DotIn.Data.csproj", "{D4500D82-B870-4330-B59A-E088E903CC80}"
EndProject
Project("{9A19103F-16F7-4668-BE54-9A1E7A4F7556}") = "Ts.Infra.DotCom.Data", "Ts.Infra.DotCom.Data\Ts.Infra.DotCom.Data.csproj", "{4DD034CB-6019-4399-9170-949FCB5BE9C6}"
EndProject
Project("{9A19103F-16F7-4668-BE54-9A1E7A4F7556}") = "Ts.DotIn.Service", "Ts.DotIn.Service\Ts.DotIn.Service.csproj", "{3C0CBCEA-839D-4BDE-8FD3-F71DD3942E75}"
EndProject
Project("{9A19103F-16F7-4668-BE54-9A1E7A4F7556}") = "Ts.DotCom.Service", "Ts.DotCom.Service\Ts.DotCom.Service.csproj", "{C2138C9E-5C47-4C66-A758-41D01AB6CBCB}"
EndProject
Project("{9A19103F-16F7-4668-BE54-9A1E7A4F7556}") = "Ts.DotIn.Dto", "Ts.DotIn.Dto\Ts.DotIn.Dto.csproj", "{9B39E93C-311B-4789-B00C-6DDEB39955B6}"
EndProject
Project("{9A19103F-16F7-4668-BE54-9A1E7A4F7556}") = "Ts.DotCom.Dto", "Ts.DotCom.Dto\Ts.DotCom.Dto.csproj", "{35D9B99D-AABB-47E4-BE7A-339EAA6047F6}"
EndProject
Project("{9A19103F-16F7-4668-BE54-9A1E7A4F7556}") = "Ts.DotIn.Client", "Ts.DotIn.Client\Ts.DotIn.Client.csproj", "{D89BB7C7-5D58-4D8D-AC20-A5445219D4C9}"
EndProject
Project("{9A19103F-16F7-4668-BE54-9A1E7A4F7556}") = "Ts.DotCom.Client", "Ts.DotCom.Client\Ts.DotCom.Client.csproj", "{3D7DFBDD-AF5E-4741-9C65-3EB0A4991E9D}"
EndProject
Project("{9A19103F-16F7-4668-BE54-9A1E7A4F7556}") = "Ts.PublicComApp", "Ts.PublicComApp\Ts.PublicComApp.csproj", "{58FFCC71-4848-46A3-8993-2FF3FC6DEC94}"
EndProject
Project("{9A19103F-16F7-4668-BE54-9A1E7A4F7556}") = "Ts.Infra.Ioc.PublicComApp", "Ts.Infra.Ioc.PublicComApp\Ts.Infra.Ioc.PublicComApp.csproj", "{92FD2C05-FB8E-4646-9951-A5F704EA126F}"
EndProject
Project("{FAE04EC0-301F-11D3-BF4B-00C04F79EFBC}") = "Ts.ShopApp", "Ts.ShopApp\Ts.ShopApp.csproj", "{41893093-8390-408E-B0C5-EAB5A2FED891}"
EndProject
Project("{FAE04EC0-301F-11D3-BF4B-00C04F79EFBC}") = "Ts.ShopIn.Domain", "TS.ShopIn.Domain\Ts.ShopIn.Domain.csproj", "{95DEA0EA-D6DE-4C08-B6F1-1A0CBB3DFE69}"
EndProject
Project("{FAE04EC0-301F-11D3-BF4B-00C04F79EFBC}") = "Ts.Infra.ShopIn.Data", "Ts.Infra.ShopIn.Data\Ts.Infra.ShopIn.Data.csproj", "{6432B0D1-4748-404F-B208-CE7EA4460206}"
EndProject
Project("{FAE04EC0-301F-11D3-BF4B-00C04F79EFBC}") = "Ts.Infra.Ioc.ShoppApp", "Ts.Infra.Ioc.ShoppApp\Ts.Infra.Ioc.ShoppApp.csproj", "{DAD64F0C-D658-4FAE-A905-195A97441D58}"
EndProject
Project("{FAE04EC0-301F-11D3-BF4B-00C04F79EFBC}") = "Ts.ShopIn.Dto", "Ts.ShopIn.Dto\Ts.ShopIn.Dto.csproj", "{14AA9701-5F9D-4287-9E99-2B5D8FBCA451}"
EndProject
Project("{FAE04EC0-301F-11D3-BF4B-00C04F79EFBC}") = "Ts.ShopIn.Service", "Ts.ShopIn.Service\Ts.ShopIn.Service.csproj", "{0CD43281-911F-4053-A386-E439B7851256}"
EndProject
Project("{FAE04EC0-301F-11D3-BF4B-00C04F79EFBC}") = "Ts.ShopIn.Client", "Ts.ShopIn.Client\Ts.ShopIn.Client.csproj", "{89139F82-1228-4A8D-A859-ECE78A5A5796}"
EndProject
Project("{FAE04EC0-301F-11D3-BF4B-00C04F79EFBC}") = "Ts.Application.Client", "Ts.Application.Client\Ts.Application.Client.csproj", "{111F704C-C5FF-4474-8063-125910F7AF59}"
EndProject
Project("{FAE04EC0-301F-11D3-BF4B-00C04F79EFBC}") = "Ts.Common.Constant", "Ts.Common.Constant\Ts.Common.Constant.csproj", "{98D74E66-C7C1-44C7-84D6-ADF2BE2F3168}"
EndProject
Global
	GlobalSection(SolutionConfigurationPlatforms) = preSolution
		Debug|Any CPU = Debug|Any CPU
		Release|Any CPU = Release|Any CPU
	EndGlobalSection
	GlobalSection(ProjectConfigurationPlatforms) = postSolution
		{981C0F2D-1C5B-49C4-A86A-A992A09A40E9}.Debug|Any CPU.ActiveCfg = Debug|Any CPU
		{981C0F2D-1C5B-49C4-A86A-A992A09A40E9}.Debug|Any CPU.Build.0 = Debug|Any CPU
		{981C0F2D-1C5B-49C4-A86A-A992A09A40E9}.Release|Any CPU.ActiveCfg = Release|Any CPU
		{981C0F2D-1C5B-49C4-A86A-A992A09A40E9}.Release|Any CPU.Build.0 = Release|Any CPU
		{968BA5A5-3945-49CE-A56A-8A8478CA3A85}.Debug|Any CPU.ActiveCfg = Debug|Any CPU
		{968BA5A5-3945-49CE-A56A-8A8478CA3A85}.Debug|Any CPU.Build.0 = Debug|Any CPU
		{968BA5A5-3945-49CE-A56A-8A8478CA3A85}.Release|Any CPU.ActiveCfg = Release|Any CPU
		{968BA5A5-3945-49CE-A56A-8A8478CA3A85}.Release|Any CPU.Build.0 = Release|Any CPU
		{E27DAF8B-CF00-4B25-B66D-34D8FCA656CB}.Debug|Any CPU.ActiveCfg = Debug|Any CPU
		{E27DAF8B-CF00-4B25-B66D-34D8FCA656CB}.Debug|Any CPU.Build.0 = Debug|Any CPU
		{E27DAF8B-CF00-4B25-B66D-34D8FCA656CB}.Release|Any CPU.ActiveCfg = Release|Any CPU
		{E27DAF8B-CF00-4B25-B66D-34D8FCA656CB}.Release|Any CPU.Build.0 = Release|Any CPU
		{D319025C-C9FD-47DB-B124-817F1D8B8F13}.Debug|Any CPU.ActiveCfg = Debug|Any CPU
		{D319025C-C9FD-47DB-B124-817F1D8B8F13}.Debug|Any CPU.Build.0 = Debug|Any CPU
		{D319025C-C9FD-47DB-B124-817F1D8B8F13}.Release|Any CPU.ActiveCfg = Release|Any CPU
		{D319025C-C9FD-47DB-B124-817F1D8B8F13}.Release|Any CPU.Build.0 = Release|Any CPU
		{51C1F744-2F63-4DF1-B16D-C5E8DAC6A31F}.Debug|Any CPU.ActiveCfg = Debug|Any CPU
		{51C1F744-2F63-4DF1-B16D-C5E8DAC6A31F}.Debug|Any CPU.Build.0 = Debug|Any CPU
		{51C1F744-2F63-4DF1-B16D-C5E8DAC6A31F}.Release|Any CPU.ActiveCfg = Release|Any CPU
		{51C1F744-2F63-4DF1-B16D-C5E8DAC6A31F}.Release|Any CPU.Build.0 = Release|Any CPU
		{A7A8503D-6103-4223-B7F9-3A4E965A553B}.Debug|Any CPU.ActiveCfg = Debug|Any CPU
		{A7A8503D-6103-4223-B7F9-3A4E965A553B}.Debug|Any CPU.Build.0 = Debug|Any CPU
		{A7A8503D-6103-4223-B7F9-3A4E965A553B}.Release|Any CPU.ActiveCfg = Release|Any CPU
		{A7A8503D-6103-4223-B7F9-3A4E965A553B}.Release|Any CPU.Build.0 = Release|Any CPU
		{DE1246EE-2B45-4C79-AD21-25767DD2442C}.Debug|Any CPU.ActiveCfg = Debug|Any CPU
		{DE1246EE-2B45-4C79-AD21-25767DD2442C}.Debug|Any CPU.Build.0 = Debug|Any CPU
		{DE1246EE-2B45-4C79-AD21-25767DD2442C}.Release|Any CPU.ActiveCfg = Release|Any CPU
		{DE1246EE-2B45-4C79-AD21-25767DD2442C}.Release|Any CPU.Build.0 = Release|Any CPU
		{E44C71D5-D6F2-4811-8BFB-505999C44BB1}.Debug|Any CPU.ActiveCfg = Debug|Any CPU
		{E44C71D5-D6F2-4811-8BFB-505999C44BB1}.Debug|Any CPU.Build.0 = Debug|Any CPU
		{E44C71D5-D6F2-4811-8BFB-505999C44BB1}.Release|Any CPU.ActiveCfg = Release|Any CPU
		{E44C71D5-D6F2-4811-8BFB-505999C44BB1}.Release|Any CPU.Build.0 = Release|Any CPU
		{BC2F7DBA-D434-4392-9B35-3AE43C54F774}.Debug|Any CPU.ActiveCfg = Debug|Any CPU
		{BC2F7DBA-D434-4392-9B35-3AE43C54F774}.Debug|Any CPU.Build.0 = Debug|Any CPU
		{BC2F7DBA-D434-4392-9B35-3AE43C54F774}.Release|Any CPU.ActiveCfg = Release|Any CPU
		{BC2F7DBA-D434-4392-9B35-3AE43C54F774}.Release|Any CPU.Build.0 = Release|Any CPU
		{23F742EA-27A7-4340-A1B8-1517A2278A91}.Debug|Any CPU.ActiveCfg = Debug|Any CPU
		{23F742EA-27A7-4340-A1B8-1517A2278A91}.Debug|Any CPU.Build.0 = Debug|Any CPU
		{23F742EA-27A7-4340-A1B8-1517A2278A91}.Release|Any CPU.ActiveCfg = Release|Any CPU
		{23F742EA-27A7-4340-A1B8-1517A2278A91}.Release|Any CPU.Build.0 = Release|Any CPU
		{55FE658D-0542-4418-90A1-33ADB44EBB61}.Debug|Any CPU.ActiveCfg = Debug|Any CPU
		{55FE658D-0542-4418-90A1-33ADB44EBB61}.Debug|Any CPU.Build.0 = Debug|Any CPU
		{55FE658D-0542-4418-90A1-33ADB44EBB61}.Release|Any CPU.ActiveCfg = Release|Any CPU
		{55FE658D-0542-4418-90A1-33ADB44EBB61}.Release|Any CPU.Build.0 = Release|Any CPU
		{21F765EB-59D7-4A5E-84E8-F184C0962653}.Debug|Any CPU.ActiveCfg = Debug|Any CPU
		{21F765EB-59D7-4A5E-84E8-F184C0962653}.Debug|Any CPU.Build.0 = Debug|Any CPU
		{21F765EB-59D7-4A5E-84E8-F184C0962653}.Release|Any CPU.ActiveCfg = Release|Any CPU
		{21F765EB-59D7-4A5E-84E8-F184C0962653}.Release|Any CPU.Build.0 = Release|Any CPU
		{699A7204-9FA5-4DFC-BD3B-985E60983F26}.Debug|Any CPU.ActiveCfg = Debug|Any CPU
		{699A7204-9FA5-4DFC-BD3B-985E60983F26}.Debug|Any CPU.Build.0 = Debug|Any CPU
		{699A7204-9FA5-4DFC-BD3B-985E60983F26}.Release|Any CPU.ActiveCfg = Release|Any CPU
		{699A7204-9FA5-4DFC-BD3B-985E60983F26}.Release|Any CPU.Build.0 = Release|Any CPU
		{AC784C64-E23B-462C-A097-E6AD025B2319}.Debug|Any CPU.ActiveCfg = Debug|Any CPU
		{AC784C64-E23B-462C-A097-E6AD025B2319}.Debug|Any CPU.Build.0 = Debug|Any CPU
		{AC784C64-E23B-462C-A097-E6AD025B2319}.Release|Any CPU.ActiveCfg = Release|Any CPU
		{AC784C64-E23B-462C-A097-E6AD025B2319}.Release|Any CPU.Build.0 = Release|Any CPU
		{1B22FB3A-1734-48A9-8092-F9A838945D40}.Debug|Any CPU.ActiveCfg = Debug|Any CPU
		{1B22FB3A-1734-48A9-8092-F9A838945D40}.Debug|Any CPU.Build.0 = Debug|Any CPU
		{1B22FB3A-1734-48A9-8092-F9A838945D40}.Release|Any CPU.ActiveCfg = Release|Any CPU
		{1B22FB3A-1734-48A9-8092-F9A838945D40}.Release|Any CPU.Build.0 = Release|Any CPU
		{85533284-8E3F-4676-87E2-9867C0384456}.Debug|Any CPU.ActiveCfg = Debug|Any CPU
		{85533284-8E3F-4676-87E2-9867C0384456}.Debug|Any CPU.Build.0 = Debug|Any CPU
		{85533284-8E3F-4676-87E2-9867C0384456}.Release|Any CPU.ActiveCfg = Release|Any CPU
		{85533284-8E3F-4676-87E2-9867C0384456}.Release|Any CPU.Build.0 = Release|Any CPU
		{79890F7A-6261-4A94-9FD4-605D7EE8EAAB}.Debug|Any CPU.ActiveCfg = Debug|Any CPU
		{79890F7A-6261-4A94-9FD4-605D7EE8EAAB}.Debug|Any CPU.Build.0 = Debug|Any CPU
		{79890F7A-6261-4A94-9FD4-605D7EE8EAAB}.Release|Any CPU.ActiveCfg = Release|Any CPU
		{79890F7A-6261-4A94-9FD4-605D7EE8EAAB}.Release|Any CPU.Build.0 = Release|Any CPU
		{D4500D82-B870-4330-B59A-E088E903CC80}.Debug|Any CPU.ActiveCfg = Debug|Any CPU
		{D4500D82-B870-4330-B59A-E088E903CC80}.Debug|Any CPU.Build.0 = Debug|Any CPU
		{D4500D82-B870-4330-B59A-E088E903CC80}.Release|Any CPU.ActiveCfg = Release|Any CPU
		{D4500D82-B870-4330-B59A-E088E903CC80}.Release|Any CPU.Build.0 = Release|Any CPU
		{4DD034CB-6019-4399-9170-949FCB5BE9C6}.Debug|Any CPU.ActiveCfg = Debug|Any CPU
		{4DD034CB-6019-4399-9170-949FCB5BE9C6}.Debug|Any CPU.Build.0 = Debug|Any CPU
		{4DD034CB-6019-4399-9170-949FCB5BE9C6}.Release|Any CPU.ActiveCfg = Release|Any CPU
		{4DD034CB-6019-4399-9170-949FCB5BE9C6}.Release|Any CPU.Build.0 = Release|Any CPU
		{3C0CBCEA-839D-4BDE-8FD3-F71DD3942E75}.Debug|Any CPU.ActiveCfg = Debug|Any CPU
		{3C0CBCEA-839D-4BDE-8FD3-F71DD3942E75}.Debug|Any CPU.Build.0 = Debug|Any CPU
		{3C0CBCEA-839D-4BDE-8FD3-F71DD3942E75}.Release|Any CPU.ActiveCfg = Release|Any CPU
		{3C0CBCEA-839D-4BDE-8FD3-F71DD3942E75}.Release|Any CPU.Build.0 = Release|Any CPU
		{C2138C9E-5C47-4C66-A758-41D01AB6CBCB}.Debug|Any CPU.ActiveCfg = Debug|Any CPU
		{C2138C9E-5C47-4C66-A758-41D01AB6CBCB}.Debug|Any CPU.Build.0 = Debug|Any CPU
		{C2138C9E-5C47-4C66-A758-41D01AB6CBCB}.Release|Any CPU.ActiveCfg = Release|Any CPU
		{C2138C9E-5C47-4C66-A758-41D01AB6CBCB}.Release|Any CPU.Build.0 = Release|Any CPU
		{9B39E93C-311B-4789-B00C-6DDEB39955B6}.Debug|Any CPU.ActiveCfg = Debug|Any CPU
		{9B39E93C-311B-4789-B00C-6DDEB39955B6}.Debug|Any CPU.Build.0 = Debug|Any CPU
		{9B39E93C-311B-4789-B00C-6DDEB39955B6}.Release|Any CPU.ActiveCfg = Release|Any CPU
		{9B39E93C-311B-4789-B00C-6DDEB39955B6}.Release|Any CPU.Build.0 = Release|Any CPU
		{35D9B99D-AABB-47E4-BE7A-339EAA6047F6}.Debug|Any CPU.ActiveCfg = Debug|Any CPU
		{35D9B99D-AABB-47E4-BE7A-339EAA6047F6}.Debug|Any CPU.Build.0 = Debug|Any CPU
		{35D9B99D-AABB-47E4-BE7A-339EAA6047F6}.Release|Any CPU.ActiveCfg = Release|Any CPU
		{35D9B99D-AABB-47E4-BE7A-339EAA6047F6}.Release|Any CPU.Build.0 = Release|Any CPU
		{D89BB7C7-5D58-4D8D-AC20-A5445219D4C9}.Debug|Any CPU.ActiveCfg = Debug|Any CPU
		{D89BB7C7-5D58-4D8D-AC20-A5445219D4C9}.Debug|Any CPU.Build.0 = Debug|Any CPU
		{D89BB7C7-5D58-4D8D-AC20-A5445219D4C9}.Release|Any CPU.ActiveCfg = Release|Any CPU
		{D89BB7C7-5D58-4D8D-AC20-A5445219D4C9}.Release|Any CPU.Build.0 = Release|Any CPU
		{3D7DFBDD-AF5E-4741-9C65-3EB0A4991E9D}.Debug|Any CPU.ActiveCfg = Debug|Any CPU
		{3D7DFBDD-AF5E-4741-9C65-3EB0A4991E9D}.Debug|Any CPU.Build.0 = Debug|Any CPU
		{3D7DFBDD-AF5E-4741-9C65-3EB0A4991E9D}.Release|Any CPU.ActiveCfg = Release|Any CPU
		{3D7DFBDD-AF5E-4741-9C65-3EB0A4991E9D}.Release|Any CPU.Build.0 = Release|Any CPU
		{58FFCC71-4848-46A3-8993-2FF3FC6DEC94}.Debug|Any CPU.ActiveCfg = Debug|Any CPU
		{58FFCC71-4848-46A3-8993-2FF3FC6DEC94}.Debug|Any CPU.Build.0 = Debug|Any CPU
		{58FFCC71-4848-46A3-8993-2FF3FC6DEC94}.Release|Any CPU.ActiveCfg = Release|Any CPU
		{58FFCC71-4848-46A3-8993-2FF3FC6DEC94}.Release|Any CPU.Build.0 = Release|Any CPU
		{92FD2C05-FB8E-4646-9951-A5F704EA126F}.Debug|Any CPU.ActiveCfg = Debug|Any CPU
		{92FD2C05-FB8E-4646-9951-A5F704EA126F}.Debug|Any CPU.Build.0 = Debug|Any CPU
		{92FD2C05-FB8E-4646-9951-A5F704EA126F}.Release|Any CPU.ActiveCfg = Release|Any CPU
		{92FD2C05-FB8E-4646-9951-A5F704EA126F}.Release|Any CPU.Build.0 = Release|Any CPU
		{41893093-8390-408E-B0C5-EAB5A2FED891}.Debug|Any CPU.ActiveCfg = Debug|Any CPU
		{41893093-8390-408E-B0C5-EAB5A2FED891}.Debug|Any CPU.Build.0 = Debug|Any CPU
		{41893093-8390-408E-B0C5-EAB5A2FED891}.Release|Any CPU.ActiveCfg = Release|Any CPU
		{41893093-8390-408E-B0C5-EAB5A2FED891}.Release|Any CPU.Build.0 = Release|Any CPU
		{95DEA0EA-D6DE-4C08-B6F1-1A0CBB3DFE69}.Debug|Any CPU.ActiveCfg = Debug|Any CPU
		{95DEA0EA-D6DE-4C08-B6F1-1A0CBB3DFE69}.Debug|Any CPU.Build.0 = Debug|Any CPU
		{95DEA0EA-D6DE-4C08-B6F1-1A0CBB3DFE69}.Release|Any CPU.ActiveCfg = Release|Any CPU
		{95DEA0EA-D6DE-4C08-B6F1-1A0CBB3DFE69}.Release|Any CPU.Build.0 = Release|Any CPU
		{6432B0D1-4748-404F-B208-CE7EA4460206}.Debug|Any CPU.ActiveCfg = Debug|Any CPU
		{6432B0D1-4748-404F-B208-CE7EA4460206}.Debug|Any CPU.Build.0 = Debug|Any CPU
		{6432B0D1-4748-404F-B208-CE7EA4460206}.Release|Any CPU.ActiveCfg = Release|Any CPU
		{6432B0D1-4748-404F-B208-CE7EA4460206}.Release|Any CPU.Build.0 = Release|Any CPU
		{DAD64F0C-D658-4FAE-A905-195A97441D58}.Debug|Any CPU.ActiveCfg = Debug|Any CPU
		{DAD64F0C-D658-4FAE-A905-195A97441D58}.Debug|Any CPU.Build.0 = Debug|Any CPU
		{DAD64F0C-D658-4FAE-A905-195A97441D58}.Release|Any CPU.ActiveCfg = Release|Any CPU
		{DAD64F0C-D658-4FAE-A905-195A97441D58}.Release|Any CPU.Build.0 = Release|Any CPU
		{14AA9701-5F9D-4287-9E99-2B5D8FBCA451}.Debug|Any CPU.ActiveCfg = Debug|Any CPU
		{14AA9701-5F9D-4287-9E99-2B5D8FBCA451}.Debug|Any CPU.Build.0 = Debug|Any CPU
		{14AA9701-5F9D-4287-9E99-2B5D8FBCA451}.Release|Any CPU.ActiveCfg = Release|Any CPU
		{14AA9701-5F9D-4287-9E99-2B5D8FBCA451}.Release|Any CPU.Build.0 = Release|Any CPU
		{0CD43281-911F-4053-A386-E439B7851256}.Debug|Any CPU.ActiveCfg = Debug|Any CPU
		{0CD43281-911F-4053-A386-E439B7851256}.Debug|Any CPU.Build.0 = Debug|Any CPU
		{0CD43281-911F-4053-A386-E439B7851256}.Release|Any CPU.ActiveCfg = Release|Any CPU
		{0CD43281-911F-4053-A386-E439B7851256}.Release|Any CPU.Build.0 = Release|Any CPU
		{89139F82-1228-4A8D-A859-ECE78A5A5796}.Debug|Any CPU.ActiveCfg = Debug|Any CPU
		{89139F82-1228-4A8D-A859-ECE78A5A5796}.Debug|Any CPU.Build.0 = Debug|Any CPU
		{89139F82-1228-4A8D-A859-ECE78A5A5796}.Release|Any CPU.ActiveCfg = Release|Any CPU
		{89139F82-1228-4A8D-A859-ECE78A5A5796}.Release|Any CPU.Build.0 = Release|Any CPU
		{111F704C-C5FF-4474-8063-125910F7AF59}.Debug|Any CPU.ActiveCfg = Debug|Any CPU
		{111F704C-C5FF-4474-8063-125910F7AF59}.Debug|Any CPU.Build.0 = Debug|Any CPU
		{111F704C-C5FF-4474-8063-125910F7AF59}.Release|Any CPU.ActiveCfg = Release|Any CPU
		{111F704C-C5FF-4474-8063-125910F7AF59}.Release|Any CPU.Build.0 = Release|Any CPU
		{98D74E66-C7C1-44C7-84D6-ADF2BE2F3168}.Debug|Any CPU.ActiveCfg = Debug|Any CPU
		{98D74E66-C7C1-44C7-84D6-ADF2BE2F3168}.Debug|Any CPU.Build.0 = Debug|Any CPU
		{98D74E66-C7C1-44C7-84D6-ADF2BE2F3168}.Release|Any CPU.ActiveCfg = Release|Any CPU
		{98D74E66-C7C1-44C7-84D6-ADF2BE2F3168}.Release|Any CPU.Build.0 = Release|Any CPU
	EndGlobalSection
	GlobalSection(SolutionProperties) = preSolution
		HideSolutionNode = FALSE
	EndGlobalSection
	GlobalSection(NestedProjects) = preSolution
		{981C0F2D-1C5B-49C4-A86A-A992A09A40E9} = {ED07F8D0-DDA8-47CE-9C34-AB22382B369D}
		{968BA5A5-3945-49CE-A56A-8A8478CA3A85} = {D467FD4D-3568-41EA-8270-00C09936268A}
		{E27DAF8B-CF00-4B25-B66D-34D8FCA656CB} = {D467FD4D-3568-41EA-8270-00C09936268A}
		{D319025C-C9FD-47DB-B124-817F1D8B8F13} = {9E14DFC5-5841-456F-94C3-35C09FF35715}
		{51C1F744-2F63-4DF1-B16D-C5E8DAC6A31F} = {9E14DFC5-5841-456F-94C3-35C09FF35715}
		{A7A8503D-6103-4223-B7F9-3A4E965A553B} = {9E14DFC5-5841-456F-94C3-35C09FF35715}
		{DE1246EE-2B45-4C79-AD21-25767DD2442C} = {9E14DFC5-5841-456F-94C3-35C09FF35715}
		{E44C71D5-D6F2-4811-8BFB-505999C44BB1} = {9E14DFC5-5841-456F-94C3-35C09FF35715}
		{BC2F7DBA-D434-4392-9B35-3AE43C54F774} = {6A5F5B5A-653A-44FD-A3B4-CE339120B9A3}
		{23F742EA-27A7-4340-A1B8-1517A2278A91} = {0232A12F-1E38-4B07-8BE9-0E1BB7AAFBFC}
		{55FE658D-0542-4418-90A1-33ADB44EBB61} = {58E0A9FC-39B0-4312-B89C-45B0B1AD35AC}
		{21F765EB-59D7-4A5E-84E8-F184C0962653} = {58E0A9FC-39B0-4312-B89C-45B0B1AD35AC}
		{699A7204-9FA5-4DFC-BD3B-985E60983F26} = {58E0A9FC-39B0-4312-B89C-45B0B1AD35AC}
		{AC784C64-E23B-462C-A097-E6AD025B2319} = {ED07F8D0-DDA8-47CE-9C34-AB22382B369D}
		{1B22FB3A-1734-48A9-8092-F9A838945D40} = {58E0A9FC-39B0-4312-B89C-45B0B1AD35AC}
		{85533284-8E3F-4676-87E2-9867C0384456} = {6A5F5B5A-653A-44FD-A3B4-CE339120B9A3}
		{79890F7A-6261-4A94-9FD4-605D7EE8EAAB} = {6A5F5B5A-653A-44FD-A3B4-CE339120B9A3}
		{D4500D82-B870-4330-B59A-E088E903CC80} = {0232A12F-1E38-4B07-8BE9-0E1BB7AAFBFC}
		{4DD034CB-6019-4399-9170-949FCB5BE9C6} = {0232A12F-1E38-4B07-8BE9-0E1BB7AAFBFC}
		{3C0CBCEA-839D-4BDE-8FD3-F71DD3942E75} = {9E14DFC5-5841-456F-94C3-35C09FF35715}
		{C2138C9E-5C47-4C66-A758-41D01AB6CBCB} = {9E14DFC5-5841-456F-94C3-35C09FF35715}
		{9B39E93C-311B-4789-B00C-6DDEB39955B6} = {9E14DFC5-5841-456F-94C3-35C09FF35715}
		{35D9B99D-AABB-47E4-BE7A-339EAA6047F6} = {9E14DFC5-5841-456F-94C3-35C09FF35715}
		{D89BB7C7-5D58-4D8D-AC20-A5445219D4C9} = {9E14DFC5-5841-456F-94C3-35C09FF35715}
		{3D7DFBDD-AF5E-4741-9C65-3EB0A4991E9D} = {9E14DFC5-5841-456F-94C3-35C09FF35715}
		{58FFCC71-4848-46A3-8993-2FF3FC6DEC94} = {D467FD4D-3568-41EA-8270-00C09936268A}
		{92FD2C05-FB8E-4646-9951-A5F704EA126F} = {58E0A9FC-39B0-4312-B89C-45B0B1AD35AC}
		{41893093-8390-408E-B0C5-EAB5A2FED891} = {D467FD4D-3568-41EA-8270-00C09936268A}
		{95DEA0EA-D6DE-4C08-B6F1-1A0CBB3DFE69} = {6A5F5B5A-653A-44FD-A3B4-CE339120B9A3}
		{6432B0D1-4748-404F-B208-CE7EA4460206} = {0232A12F-1E38-4B07-8BE9-0E1BB7AAFBFC}
		{DAD64F0C-D658-4FAE-A905-195A97441D58} = {58E0A9FC-39B0-4312-B89C-45B0B1AD35AC}
		{14AA9701-5F9D-4287-9E99-2B5D8FBCA451} = {9E14DFC5-5841-456F-94C3-35C09FF35715}
		{0CD43281-911F-4053-A386-E439B7851256} = {9E14DFC5-5841-456F-94C3-35C09FF35715}
		{89139F82-1228-4A8D-A859-ECE78A5A5796} = {9E14DFC5-5841-456F-94C3-35C09FF35715}
		{111F704C-C5FF-4474-8063-125910F7AF59} = {9E14DFC5-5841-456F-94C3-35C09FF35715}
		{98D74E66-C7C1-44C7-84D6-ADF2BE2F3168} = {9E14DFC5-5841-456F-94C3-35C09FF35715}
	EndGlobalSection
	GlobalSection(ExtensibilityGlobals) = postSolution
		SolutionGuid = {72BF2CC7-D152-48EB-9104-263274E81B0D}
	EndGlobalSection
EndGlobal
